// !$*UTF8*$!
{
	archiveVersion = 1;
	classes = {
	};
	objectVersion = 46;
	objects = {

/* Begin PBXBuildFile section */
		858DBBC31C14E35A00765B33 /* AppDelegate.swift in Sources */ = {isa = PBXBuildFile; fileRef = 858DBBC21C14E35A00765B33 /* AppDelegate.swift */; };
		858DBBC51C14E35A00765B33 /* GameScene.sks in Resources */ = {isa = PBXBuildFile; fileRef = 858DBBC41C14E35A00765B33 /* GameScene.sks */; };
		858DBBC71C14E35A00765B33 /* GameScene.swift in Sources */ = {isa = PBXBuildFile; fileRef = 858DBBC61C14E35A00765B33 /* GameScene.swift */; };
		858DBBC91C14E35A00765B33 /* GameViewController.swift in Sources */ = {isa = PBXBuildFile; fileRef = 858DBBC81C14E35A00765B33 /* GameViewController.swift */; };
		858DBBCC1C14E35A00765B33 /* Main.storyboard in Resources */ = {isa = PBXBuildFile; fileRef = 858DBBCA1C14E35A00765B33 /* Main.storyboard */; };
		858DBBCE1C14E35B00765B33 /* Assets.xcassets in Resources */ = {isa = PBXBuildFile; fileRef = 858DBBCD1C14E35B00765B33 /* Assets.xcassets */; };
		858DBBD11C14E35B00765B33 /* LaunchScreen.storyboard in Resources */ = {isa = PBXBuildFile; fileRef = 858DBBCF1C14E35B00765B33 /* LaunchScreen.storyboard */; };
		858DBBDC1C14E35B00765B33 /* CalBear_ShooterTests.swift in Sources */ = {isa = PBXBuildFile; fileRef = 858DBBDB1C14E35B00765B33 /* CalBear_ShooterTests.swift */; };
		858DBBE71C14E35B00765B33 /* CalBear_ShooterUITests.swift in Sources */ = {isa = PBXBuildFile; fileRef = 858DBBE61C14E35B00765B33 /* CalBear_ShooterUITests.swift */; };
		858DBBF81C14E4D800765B33 /* BulletSingle.png in Resources */ = {isa = PBXBuildFile; fileRef = 858DBBF51C14E4D800765B33 /* BulletSingle.png */; };
		858DBBF91C14E4D800765B33 /* EnemyShip.png in Resources */ = {isa = PBXBuildFile; fileRef = 858DBBF61C14E4D800765B33 /* EnemyShip.png */; };
		858DBBFA1C14E4D800765B33 /* PlayerShip.png in Resources */ = {isa = PBXBuildFile; fileRef = 858DBBF71C14E4D800765B33 /* PlayerShip.png */; };
/* End PBXBuildFile section */

/* Begin PBXContainerItemProxy section */
		858DBBD81C14E35B00765B33 /* PBXContainerItemProxy */ = {
			isa = PBXContainerItemProxy;
			containerPortal = 858DBBB71C14E35A00765B33 /* Project object */;
			proxyType = 1;
			remoteGlobalIDString = 858DBBBE1C14E35A00765B33;
			remoteInfo = "CalBear Shooter";
		};
		858DBBE31C14E35B00765B33 /* PBXContainerItemProxy */ = {
			isa = PBXContainerItemProxy;
			containerPortal = 858DBBB71C14E35A00765B33 /* Project object */;
			proxyType = 1;
			remoteGlobalIDString = 858DBBBE1C14E35A00765B33;
			remoteInfo = "CalBear Shooter";
		};
/* End PBXContainerItemProxy section */

/* Begin PBXFileReference section */
		858DBBBF1C14E35A00765B33 /* CalBear Shooter.app */ = {isa = PBXFileReference; explicitFileType = wrapper.application; includeInIndex = 0; path = "CalBear Shooter.app"; sourceTree = BUILT_PRODUCTS_DIR; };
		858DBBC21C14E35A00765B33 /* AppDelegate.swift */ = {isa = PBXFileReference; lastKnownFileType = sourcecode.swift; path = AppDelegate.swift; sourceTree = "<group>"; };
		858DBBC41C14E35A00765B33 /* GameScene.sks */ = {isa = PBXFileReference; lastKnownFileType = file.sks; path = GameScene.sks; sourceTree = "<group>"; };
		858DBBC61C14E35A00765B33 /* GameScene.swift */ = {isa = PBXFileReference; lastKnownFileType = sourcecode.swift; path = GameScene.swift; sourceTree = "<group>"; };
		858DBBC81C14E35A00765B33 /* GameViewController.swift */ = {isa = PBXFileReference; lastKnownFileType = sourcecode.swift; path = GameViewController.swift; sourceTree = "<group>"; };
		858DBBCB1C14E35A00765B33 /* Base */ = {isa = PBXFileReference; lastKnownFileType = file.storyboard; name = Base; path = Base.lproj/Main.storyboard; sourceTree = "<group>"; };
		858DBBCD1C14E35B00765B33 /* Assets.xcassets */ = {isa = PBXFileReference; lastKnownFileType = folder.assetcatalog; path = Assets.xcassets; sourceTree = "<group>"; };
		858DBBD01C14E35B00765B33 /* Base */ = {isa = PBXFileReference; lastKnownFileType = file.storyboard; name = Base; path = Base.lproj/LaunchScreen.storyboard; sourceTree = "<group>"; };
		858DBBD21C14E35B00765B33 /* Info.plist */ = {isa = PBXFileReference; lastKnownFileType = text.plist.xml; path = Info.plist; sourceTree = "<group>"; };
		858DBBD71C14E35B00765B33 /* CalBear ShooterTests.xctest */ = {isa = PBXFileReference; explicitFileType = wrapper.cfbundle; includeInIndex = 0; path = "CalBear ShooterTests.xctest"; sourceTree = BUILT_PRODUCTS_DIR; };
		858DBBDB1C14E35B00765B33 /* CalBear_ShooterTests.swift */ = {isa = PBXFileReference; lastKnownFileType = sourcecode.swift; path = CalBear_ShooterTests.swift; sourceTree = "<group>"; };
		858DBBDD1C14E35B00765B33 /* Info.plist */ = {isa = PBXFileReference; lastKnownFileType = text.plist.xml; path = Info.plist; sourceTree = "<group>"; };
		858DBBE21C14E35B00765B33 /* CalBear ShooterUITests.xctest */ = {isa = PBXFileReference; explicitFileType = wrapper.cfbundle; includeInIndex = 0; path = "CalBear ShooterUITests.xctest"; sourceTree = BUILT_PRODUCTS_DIR; };
		858DBBE61C14E35B00765B33 /* CalBear_ShooterUITests.swift */ = {isa = PBXFileReference; lastKnownFileType = sourcecode.swift; path = CalBear_ShooterUITests.swift; sourceTree = "<group>"; };
		858DBBE81C14E35B00765B33 /* Info.plist */ = {isa = PBXFileReference; lastKnownFileType = text.plist.xml; path = Info.plist; sourceTree = "<group>"; };
		858DBBF51C14E4D800765B33 /* BulletSingle.png */ = {isa = PBXFileReference; lastKnownFileType = image.png; path = BulletSingle.png; sourceTree = "<group>"; };
		858DBBF61C14E4D800765B33 /* EnemyShip.png */ = {isa = PBXFileReference; lastKnownFileType = image.png; path = EnemyShip.png; sourceTree = "<group>"; };
		858DBBF71C14E4D800765B33 /* PlayerShip.png */ = {isa = PBXFileReference; lastKnownFileType = image.png; path = PlayerShip.png; sourceTree = "<group>"; };
/* End PBXFileReference section */

/* Begin PBXFrameworksBuildPhase section */
		858DBBBC1C14E35A00765B33 /* Frameworks */ = {
			isa = PBXFrameworksBuildPhase;
			buildActionMask = 2147483647;
			files = (
			);
			runOnlyForDeploymentPostprocessing = 0;
		};
		858DBBD41C14E35B00765B33 /* Frameworks */ = {
			isa = PBXFrameworksBuildPhase;
			buildActionMask = 2147483647;
			files = (
			);
			runOnlyForDeploymentPostprocessing = 0;
		};
		858DBBDF1C14E35B00765B33 /* Frameworks */ = {
			isa = PBXFrameworksBuildPhase;
			buildActionMask = 2147483647;
			files = (
			);
			runOnlyForDeploymentPostprocessing = 0;
		};
/* End PBXFrameworksBuildPhase section */

/* Begin PBXGroup section */
		858DBBB61C14E35A00765B33 = {
			isa = PBXGroup;
			children = (
				858DBBC11C14E35A00765B33 /* CalBear Shooter */,
				858DBBDA1C14E35B00765B33 /* CalBear ShooterTests */,
				858DBBE51C14E35B00765B33 /* CalBear ShooterUITests */,
				858DBBC01C14E35A00765B33 /* Products */,
			);
			sourceTree = "<group>";
		};
		858DBBC01C14E35A00765B33 /* Products */ = {
			isa = PBXGroup;
			children = (
				858DBBBF1C14E35A00765B33 /* CalBear Shooter.app */,
				858DBBD71C14E35B00765B33 /* CalBear ShooterTests.xctest */,
				858DBBE21C14E35B00765B33 /* CalBear ShooterUITests.xctest */,
			);
			name = Products;
			sourceTree = "<group>";
		};
		858DBBC11C14E35A00765B33 /* CalBear Shooter */ = {
			isa = PBXGroup;
			children = (
				858DBBF51C14E4D800765B33 /* BulletSingle.png */,
				858DBBF61C14E4D800765B33 /* EnemyShip.png */,
				858DBBF71C14E4D800765B33 /* PlayerShip.png */,
				858DBBC21C14E35A00765B33 /* AppDelegate.swift */,
				858DBBC41C14E35A00765B33 /* GameScene.sks */,
				858DBBC61C14E35A00765B33 /* GameScene.swift */,
				858DBBC81C14E35A00765B33 /* GameViewController.swift */,
				858DBBCA1C14E35A00765B33 /* Main.storyboard */,
				858DBBCD1C14E35B00765B33 /* Assets.xcassets */,
				858DBBCF1C14E35B00765B33 /* LaunchScreen.storyboard */,
				858DBBD21C14E35B00765B33 /* Info.plist */,
			);
			path = "CalBear Shooter";
			sourceTree = "<group>";
		};
		858DBBDA1C14E35B00765B33 /* CalBear ShooterTests */ = {
			isa = PBXGroup;
			children = (
				858DBBDB1C14E35B00765B33 /* CalBear_ShooterTests.swift */,
				858DBBDD1C14E35B00765B33 /* Info.plist */,
			);
			path = "CalBear ShooterTests";
			sourceTree = "<group>";
		};
		858DBBE51C14E35B00765B33 /* CalBear ShooterUITests */ = {
			isa = PBXGroup;
			children = (
				858DBBE61C14E35B00765B33 /* CalBear_ShooterUITests.swift */,
				858DBBE81C14E35B00765B33 /* Info.plist */,
			);
			path = "CalBear ShooterUITests";
			sourceTree = "<group>";
		};
/* End PBXGroup section */

/* Begin PBXNativeTarget section */
		858DBBBE1C14E35A00765B33 /* CalBear Shooter */ = {
			isa = PBXNativeTarget;
			buildConfigurationList = 858DBBEB1C14E35B00765B33 /* Build configuration list for PBXNativeTarget "CalBear Shooter" */;
			buildPhases = (
				858DBBBB1C14E35A00765B33 /* Sources */,
				858DBBBC1C14E35A00765B33 /* Frameworks */,
				858DBBBD1C14E35A00765B33 /* Resources */,
			);
			buildRules = (
			);
			dependencies = (
			);
			name = "CalBear Shooter";
			productName = "CalBear Shooter";
			productReference = 858DBBBF1C14E35A00765B33 /* CalBear Shooter.app */;
			productType = "com.apple.product-type.application";
		};
		858DBBD61C14E35B00765B33 /* CalBear ShooterTests */ = {
			isa = PBXNativeTarget;
			buildConfigurationList = 858DBBEE1C14E35B00765B33 /* Build configuration list for PBXNativeTarget "CalBear ShooterTests" */;
			buildPhases = (
				858DBBD31C14E35B00765B33 /* Sources */,
				858DBBD41C14E35B00765B33 /* Frameworks */,
				858DBBD51C14E35B00765B33 /* Resources */,
			);
			buildRules = (
			);
			dependencies = (
				858DBBD91C14E35B00765B33 /* PBXTargetDependency */,
			);
			name = "CalBear ShooterTests";
			productName = "CalBear ShooterTests";
			productReference = 858DBBD71C14E35B00765B33 /* CalBear ShooterTests.xctest */;
			productType = "com.apple.product-type.bundle.unit-test";
		};
		858DBBE11C14E35B00765B33 /* CalBear ShooterUITests */ = {
			isa = PBXNativeTarget;
			buildConfigurationList = 858DBBF11C14E35B00765B33 /* Build configuration list for PBXNativeTarget "CalBear ShooterUITests" */;
			buildPhases = (
				858DBBDE1C14E35B00765B33 /* Sources */,
				858DBBDF1C14E35B00765B33 /* Frameworks */,
				858DBBE01C14E35B00765B33 /* Resources */,
			);
			buildRules = (
			);
			dependencies = (
				858DBBE41C14E35B00765B33 /* PBXTargetDependency */,
			);
			name = "CalBear ShooterUITests";
			productName = "CalBear ShooterUITests";
			productReference = 858DBBE21C14E35B00765B33 /* CalBear ShooterUITests.xctest */;
			productType = "com.apple.product-type.bundle.ui-testing";
		};
/* End PBXNativeTarget section */

/* Begin PBXProject section */
		858DBBB71C14E35A00765B33 /* Project object */ = {
			isa = PBXProject;
			attributes = {
				LastSwiftUpdateCheck = 0710;
				LastUpgradeCheck = 0710;
				ORGANIZATIONNAME = "Xinran Guo";
				TargetAttributes = {
					858DBBBE1C14E35A00765B33 = {
						CreatedOnToolsVersion = 7.1.1;
					};
					858DBBD61C14E35B00765B33 = {
						CreatedOnToolsVersion = 7.1.1;
						TestTargetID = 858DBBBE1C14E35A00765B33;
					};
					858DBBE11C14E35B00765B33 = {
						CreatedOnToolsVersion = 7.1.1;
						TestTargetID = 858DBBBE1C14E35A00765B33;
					};
				};
			};
			buildConfigurationList = 858DBBBA1C14E35A00765B33 /* Build configuration list for PBXProject "CalBear Shooter" */;
			compatibilityVersion = "Xcode 3.2";
			developmentRegion = English;
			hasScannedForEncodings = 0;
			knownRegions = (
				en,
				Base,
			);
			mainGroup = 858DBBB61C14E35A00765B33;
			productRefGroup = 858DBBC01C14E35A00765B33 /* Products */;
			projectDirPath = "";
			projectRoot = "";
			targets = (
				858DBBBE1C14E35A00765B33 /* CalBear Shooter */,
				858DBBD61C14E35B00765B33 /* CalBear ShooterTests */,
				858DBBE11C14E35B00765B33 /* CalBear ShooterUITests */,
			);
		};
/* End PBXProject section */

/* Begin PBXResourcesBuildPhase section */
		858DBBBD1C14E35A00765B33 /* Resources */ = {
			isa = PBXResourcesBuildPhase;
			buildActionMask = 2147483647;
			files = (
				858DBBF91C14E4D800765B33 /* EnemyShip.png in Resources */,
				858DBBC51C14E35A00765B33 /* GameScene.sks in Resources */,
				858DBBD11C14E35B00765B33 /* LaunchScreen.storyboard in Resources */,
				858DBBFA1C14E4D800765B33 /* PlayerShip.png in Resources */,
				858DBBF81C14E4D800765B33 /* BulletSingle.png in Resources */,
				858DBBCE1C14E35B00765B33 /* Assets.xcassets in Resources */,
				858DBBCC1C14E35A00765B33 /* Main.storyboard in Resources */,
			);
			runOnlyForDeploymentPostprocessing = 0;
		};
		858DBBD51C14E35B00765B33 /* Resources */ = {
			isa = PBXResourcesBuildPhase;
			buildActionMask = 2147483647;
			files = (
			);
			runOnlyForDeploymentPostprocessing = 0;
		};
		858DBBE01C14E35B00765B33 /* Resources */ = {
			isa = PBXResourcesBuildPhase;
			buildActionMask = 2147483647;
			files = (
			);
			runOnlyForDeploymentPostprocessing = 0;
		};
/* End PBXResourcesBuildPhase section */

/* Begin PBXSourcesBuildPhase section */
		858DBBBB1C14E35A00765B33 /* Sources */ = {
			isa = PBXSourcesBuildPhase;
			buildActionMask = 2147483647;
			files = (
				858DBBC71C14E35A00765B33 /* GameScene.swift in Sources */,
				858DBBC91C14E35A00765B33 /* GameViewController.swift in Sources */,
				858DBBC31C14E35A00765B33 /* AppDelegate.swift in Sources */,
			);
			runOnlyForDeploymentPostprocessing = 0;
		};
		858DBBD31C14E35B00765B33 /* Sources */ = {
			isa = PBXSourcesBuildPhase;
			buildActionMask = 2147483647;
			files = (
				858DBBDC1C14E35B00765B33 /* CalBear_ShooterTests.swift in Sources */,
			);
			runOnlyForDeploymentPostprocessing = 0;
		};
		858DBBDE1C14E35B00765B33 /* Sources */ = {
			isa = PBXSourcesBuildPhase;
			buildActionMask = 2147483647;
			files = (
				858DBBE71C14E35B00765B33 /* CalBear_ShooterUITests.swift in Sources */,
			);
			runOnlyForDeploymentPostprocessing = 0;
		};
/* End PBXSourcesBuildPhase section */

/* Begin PBXTargetDependency section */
		858DBBD91C14E35B00765B33 /* PBXTargetDependency */ = {
			isa = PBXTargetDependency;
			target = 858DBBBE1C14E35A00765B33 /* CalBear Shooter */;
			targetProxy = 858DBBD81C14E35B00765B33 /* PBXContainerItemProxy */;
		};
		858DBBE41C14E35B00765B33 /* PBXTargetDependency */ = {
			isa = PBXTargetDependency;
			target = 858DBBBE1C14E35A00765B33 /* CalBear Shooter */;
			targetProxy = 858DBBE31C14E35B00765B33 /* PBXContainerItemProxy */;
		};
/* End PBXTargetDependency section */

/* Begin PBXVariantGroup section */
		858DBBCA1C14E35A00765B33 /* Main.storyboard */ = {
			isa = PBXVariantGroup;
			children = (
				858DBBCB1C14E35A00765B33 /* Base */,
			);
			name = Main.storyboard;
			sourceTree = "<group>";
		};
		858DBBCF1C14E35B00765B33 /* LaunchScreen.storyboard */ = {
			isa = PBXVariantGroup;
			children = (
				858DBBD01C14E35B00765B33 /* Base */,
			);
			name = LaunchScreen.storyboard;
			sourceTree = "<group>";
		};
/* End PBXVariantGroup section */

/* Begin XCBuildConfiguration section */
		858DBBE91C14E35B00765B33 /* Debug */ = {
			isa = XCBuildConfiguration;
			buildSettings = {
				ALWAYS_SEARCH_USER_PATHS = NO;
				CLANG_CXX_LANGUAGE_STANDARD = "gnu++0x";
				CLANG_CXX_LIBRARY = "libc++";
				CLANG_ENABLE_MODULES = YES;
				CLANG_ENABLE_OBJC_ARC = YES;
				CLANG_WARN_BOOL_CONVERSION = YES;
				CLANG_WARN_CONSTANT_CONVERSION = YES;
				CLANG_WARN_DIRECT_OBJC_ISA_USAGE = YES_ERROR;
				CLANG_WARN_EMPTY_BODY = YES;
				CLANG_WARN_ENUM_CONVERSION = YES;
				CLANG_WARN_INT_CONVERSION = YES;
				CLANG_WARN_OBJC_ROOT_CLASS = YES_ERROR;
				CLANG_WARN_UNREACHABLE_CODE = YES;
				CLANG_WARN__DUPLICATE_METHOD_MATCH = YES;
				"CODE_SIGN_IDENTITY[sdk=iphoneos*]" = "iPhone Developer";
				COPY_PHASE_STRIP = NO;
				DEBUG_INFORMATION_FORMAT = "dwarf-with-dsym";
				ENABLE_STRICT_OBJC_MSGSEND = YES;
				ENABLE_TESTABILITY = YES;
				GCC_C_LANGUAGE_STANDARD = gnu99;
				GCC_DYNAMIC_NO_PIC = NO;
				GCC_NO_COMMON_BLOCKS = YES;
				GCC_OPTIMIZATION_LEVEL = 0;
				GCC_PREPROCESSOR_DEFINITIONS = (
					"DEBUG=1",
					"$(inherited)",
				);
				GCC_WARN_64_TO_32_BIT_CONVERSION = YES;
				GCC_WARN_ABOUT_RETURN_TYPE = YES_ERROR;
				GCC_WARN_UNDECLARED_SELECTOR = YES;
				GCC_WARN_UNINITIALIZED_AUTOS = YES_AGGRESSIVE;
				GCC_WARN_UNUSED_FUNCTION = YES;
				GCC_WARN_UNUSED_VARIABLE = YES;
				IPHONEOS_DEPLOYMENT_TARGET = 9.1;
				MTL_ENABLE_DEBUG_INFO = YES;
				ONLY_ACTIVE_ARCH = YES;
				SDKROOT = iphoneos;
				SWIFT_OPTIMIZATION_LEVEL = "-Onone";
			};
			name = Debug;
		};
		858DBBEA1C14E35B00765B33 /* Release */ = {
			isa = XCBuildConfiguration;
			buildSettings = {
				ALWAYS_SEARCH_USER_PATHS = NO;
				CLANG_CXX_LANGUAGE_STANDARD = "gnu++0x";
				CLANG_CXX_LIBRARY = "libc++";
				CLANG_ENABLE_MODULES = YES;
				CLANG_ENABLE_OBJC_ARC = YES;
				CLANG_WARN_BOOL_CONVERSION = YES;
				CLANG_WARN_CONSTANT_CONVERSION = YES;
				CLANG_WARN_DIRECT_OBJC_ISA_USAGE = YES_ERROR;
				CLANG_WARN_EMPTY_BODY = YES;
				CLANG_WARN_ENUM_CONVERSION = YES;
				CLANG_WARN_INT_CONVERSION = YES;
				CLANG_WARN_OBJC_ROOT_CLASS = YES_ERROR;
				CLANG_WARN_UNREACHABLE_CODE = YES;
				CLANG_WARN__DUPLICATE_METHOD_MATCH = YES;
				"CODE_SIGN_IDENTITY[sdk=iphoneos*]" = "iPhone Developer";
				COPY_PHASE_STRIP = NO;
				DEBUG_INFORMATION_FORMAT = "dwarf-with-dsym";
				ENABLE_NS_ASSERTIONS = NO;
				ENABLE_STRICT_OBJC_MSGSEND = YES;
				GCC_C_LANGUAGE_STANDARD = gnu99;
				GCC_NO_COMMON_BLOCKS = YES;
				GCC_WARN_64_TO_32_BIT_CONVERSION = YES;
				GCC_WARN_ABOUT_RETURN_TYPE = YES_ERROR;
				GCC_WARN_UNDECLARED_SELECTOR = YES;
				GCC_WARN_UNINITIALIZED_AUTOS = YES_AGGRESSIVE;
				GCC_WARN_UNUSED_FUNCTION = YES;
				GCC_WARN_UNUSED_VARIABLE = YES;
				IPHONEOS_DEPLOYMENT_TARGET = 9.1;
				MTL_ENABLE_DEBUG_INFO = NO;
				SDKROOT = iphoneos;
				VALIDATE_PRODUCT = YES;
			};
			name = Release;
		};
		858DBBEC1C14E35B00765B33 /* Debug */ = {
			isa = XCBuildConfiguration;
			buildSettings = {
				ASSETCATALOG_COMPILER_APPICON_NAME = AppIcon;
				INFOPLIST_FILE = "CalBear Shooter/Info.plist";
				LD_RUNPATH_SEARCH_PATHS = "$(inherited) @executable_path/Frameworks";
				PRODUCT_BUNDLE_IDENTIFIER = "com.xinran.CalBear-Shooter";
				PRODUCT_NAME = "$(TARGET_NAME)";
			};
			name = Debug;
		};
		858DBBED1C14E35B00765B33 /* Release */ = {
			isa = XCBuildConfiguration;
			buildSettings = {
				ASSETCATALOG_COMPILER_APPICON_NAME = AppIcon;
				INFOPLIST_FILE = "CalBear Shooter/Info.plist";
				LD_RUNPATH_SEARCH_PATHS = "$(inherited) @executable_path/Frameworks";
				PRODUCT_BUNDLE_IDENTIFIER = "com.xinran.CalBear-Shooter";
				PRODUCT_NAME = "$(TARGET_NAME)";
			};
			name = Release;
		};
		858DBBEF1C14E35B00765B33 /* Debug */ = {
			isa = XCBuildConfiguration;
			buildSettings = {
				BUNDLE_LOADER = "$(TEST_HOST)";
				DEBUG_INFORMATION_FORMAT = dwarf;
				INFOPLIST_FILE = "CalBear ShooterTests/Info.plist";
				LD_RUNPATH_SEARCH_PATHS = "$(inherited) @executable_path/Frameworks @loader_path/Frameworks";
				PRODUCT_BUNDLE_IDENTIFIER = "com.xinran.CalBear-ShooterTests";
				PRODUCT_NAME = "$(TARGET_NAME)";
				TEST_HOST = "$(BUILT_PRODUCTS_DIR)/CalBear Shooter.app/CalBear Shooter";
			};
			name = Debug;
		};
		858DBBF01C14E35B00765B33 /* Release */ = {
			isa = XCBuildConfiguration;
			buildSettings = {
				BUNDLE_LOADER = "$(TEST_HOST)";
				INFOPLIST_FILE = "CalBear ShooterTests/Info.plist";
				LD_RUNPATH_SEARCH_PATHS = "$(inherited) @executable_path/Frameworks @loader_path/Frameworks";
				PRODUCT_BUNDLE_IDENTIFIER = "com.xinran.CalBear-ShooterTests";
				PRODUCT_NAME = "$(TARGET_NAME)";
				TEST_HOST = "$(BUILT_PRODUCTS_DIR)/CalBear Shooter.app/CalBear Shooter";
			};
			name = Release;
		};
		858DBBF21C14E35B00765B33 /* Debug */ = {
			isa = XCBuildConfiguration;
			buildSettings = {
				DEBUG_INFORMATION_FORMAT = dwarf;
				INFOPLIST_FILE = "CalBear ShooterUITests/Info.plist";
				LD_RUNPATH_SEARCH_PATHS = "$(inherited) @executable_path/Frameworks @loader_path/Frameworks";
				PRODUCT_BUNDLE_IDENTIFIER = "com.xinran.CalBear-ShooterUITests";
				PRODUCT_NAME = "$(TARGET_NAME)";
				TEST_TARGET_NAME = "CalBear Shooter";
				USES_XCTRUNNER = YES;
			};
			name = Debug;
		};
		858DBBF31C14E35B00765B33 /* Release */ = {
			isa = XCBuildConfiguration;
			buildSettings = {
				INFOPLIST_FILE = "CalBear ShooterUITests/Info.plist";
				LD_RUNPATH_SEARCH_PATHS = "$(inherited) @executable_path/Frameworks @loader_path/Frameworks";
				PRODUCT_BUNDLE_IDENTIFIER = "com.xinran.CalBear-ShooterUITests";
				PRODUCT_NAME = "$(TARGET_NAME)";
				TEST_TARGET_NAME = "CalBear Shooter";
				USES_XCTRUNNER = YES;
			};
			name = Release;
		};
/* End XCBuildConfiguration section */

/* Begin XCConfigurationList section */
		858DBBBA1C14E35A00765B33 /* Build configuration list for PBXProject "CalBear Shooter" */ = {
			isa = XCConfigurationList;
			buildConfigurations = (
				858DBBE91C14E35B00765B33 /* Debug */,
				858DBBEA1C14E35B00765B33 /* Release */,
			);
			defaultConfigurationIsVisible = 0;
			defaultConfigurationName = Release;
		};
		858DBBEB1C14E35B00765B33 /* Build configuration list for PBXNativeTarget "CalBear Shooter" */ = {
			isa = XCConfigurationList;
			buildConfigurations = (
				858DBBEC1C14E35B00765B33 /* Debug */,
				858DBBED1C14E35B00765B33 /* Release */,
			);
			defaultConfigurationIsVisible = 0;
		};
		858DBBEE1C14E35B00765B33 /* Build configuration list for PBXNativeTarget "CalBear ShooterTests" */ = {
			isa = XCConfigurationList;
			buildConfigurations = (
				858DBBEF1C14E35B00765B33 /* Debug */,
				858DBBF01C14E35B00765B33 /* Release */,
			);
			defaultConfigurationIsVisible = 0;
		};
		858DBBF11C14E35B00765B33 /* Build configuration list for PBXNativeTarget "CalBear ShooterUITests" */ = {
			isa = XCConfigurationList;
			buildConfigurations = (
				858DBBF21C14E35B00765B33 /* Debug */,
				858DBBF31C14E35B00765B33 /* Release */,
			);
			defaultConfigurationIsVisible = 0;
		};
/* End XCConfigurationList section */
	};
	rootObject = 858DBBB71C14E35A00765B33 /* Project object */;
}
